// !$*UTF8*$!
{
	archiveVersion = 1;
	classes = {
	};
	objectVersion = 46;
	objects = {

/* Begin PBXBuildFile section */
		CBF93E811B4AC120002BA0FA /* AppDelegate.swift in Sources */ = {isa = PBXBuildFile; fileRef = CBF93E801B4AC120002BA0FA /* AppDelegate.swift */; };
		CBF93E831B4AC120002BA0FA /* ViewController.swift in Sources */ = {isa = PBXBuildFile; fileRef = CBF93E821B4AC120002BA0FA /* ViewController.swift */; };
		CBF93E861B4AC120002BA0FA /* Main.storyboard in Resources */ = {isa = PBXBuildFile; fileRef = CBF93E841B4AC120002BA0FA /* Main.storyboard */; };
		CBF93E881B4AC120002BA0FA /* Assets.xcassets in Resources */ = {isa = PBXBuildFile; fileRef = CBF93E871B4AC120002BA0FA /* Assets.xcassets */; };
		CBF93E8B1B4AC121002BA0FA /* LaunchScreen.storyboard in Resources */ = {isa = PBXBuildFile; fileRef = CBF93E891B4AC121002BA0FA /* LaunchScreen.storyboard */; };
		CBF93E981B4AC1E6002BA0FA /* Interface.storyboard in Resources */ = {isa = PBXBuildFile; fileRef = CBF93E961B4AC1E6002BA0FA /* Interface.storyboard */; };
		CBF93E9A1B4AC1E6002BA0FA /* Assets.xcassets in Resources */ = {isa = PBXBuildFile; fileRef = CBF93E991B4AC1E6002BA0FA /* Assets.xcassets */; };
		CBF93EA11B4AC1E6002BA0FA /* SendMessageWatchApp Extension.appex in Embed App Extensions */ = {isa = PBXBuildFile; fileRef = CBF93EA01B4AC1E6002BA0FA /* SendMessageWatchApp Extension.appex */; settings = {ATTRIBUTES = (RemoveHeadersOnCopy, ); }; };
		CBF93EA61B4AC1E6002BA0FA /* InterfaceController.swift in Sources */ = {isa = PBXBuildFile; fileRef = CBF93EA51B4AC1E6002BA0FA /* InterfaceController.swift */; };
		CBF93EA81B4AC1E6002BA0FA /* ExtensionDelegate.swift in Sources */ = {isa = PBXBuildFile; fileRef = CBF93EA71B4AC1E6002BA0FA /* ExtensionDelegate.swift */; };
		CBF93EAA1B4AC1E6002BA0FA /* Assets.xcassets in Resources */ = {isa = PBXBuildFile; fileRef = CBF93EA91B4AC1E6002BA0FA /* Assets.xcassets */; };
		CBF93EAE1B4AC1E6002BA0FA /* SendMessageWatchApp.app in Embed Watch Content */ = {isa = PBXBuildFile; fileRef = CBF93E941B4AC1E6002BA0FA /* SendMessageWatchApp.app */; };
/* End PBXBuildFile section */

/* Begin PBXContainerItemProxy section */
		CBF93EA21B4AC1E6002BA0FA /* PBXContainerItemProxy */ = {
			isa = PBXContainerItemProxy;
			containerPortal = CBF93E751B4AC120002BA0FA /* Project object */;
			proxyType = 1;
			remoteGlobalIDString = CBF93E9F1B4AC1E6002BA0FA;
			remoteInfo = "SendMessageWatchApp Extension";
		};
		CBF93EAC1B4AC1E6002BA0FA /* PBXContainerItemProxy */ = {
			isa = PBXContainerItemProxy;
			containerPortal = CBF93E751B4AC120002BA0FA /* Project object */;
			proxyType = 1;
			remoteGlobalIDString = CBF93E931B4AC1E6002BA0FA;
			remoteInfo = SendMessageWatchApp;
		};
/* End PBXContainerItemProxy section */

/* Begin PBXCopyFilesBuildPhase section */
		CBF93EB21B4AC1E6002BA0FA /* Embed App Extensions */ = {
			isa = PBXCopyFilesBuildPhase;
			buildActionMask = 2147483647;
			dstPath = "";
			dstSubfolderSpec = 13;
			files = (
				CBF93EA11B4AC1E6002BA0FA /* SendMessageWatchApp Extension.appex in Embed App Extensions */,
			);
			name = "Embed App Extensions";
			runOnlyForDeploymentPostprocessing = 0;
		};
		CBF93EB61B4AC1E6002BA0FA /* Embed Watch Content */ = {
			isa = PBXCopyFilesBuildPhase;
			buildActionMask = 2147483647;
			dstPath = "$(CONTENTS_FOLDER_PATH)/Watch";
			dstSubfolderSpec = 16;
			files = (
				CBF93EAE1B4AC1E6002BA0FA /* SendMessageWatchApp.app in Embed Watch Content */,
			);
			name = "Embed Watch Content";
			runOnlyForDeploymentPostprocessing = 0;
		};
/* End PBXCopyFilesBuildPhase section */

/* Begin PBXFileReference section */
		CBF93E7D1B4AC120002BA0FA /* SendMessageWatch.app */ = {isa = PBXFileReference; explicitFileType = wrapper.application; includeInIndex = 0; path = SendMessageWatch.app; sourceTree = BUILT_PRODUCTS_DIR; };
		CBF93E801B4AC120002BA0FA /* AppDelegate.swift */ = {isa = PBXFileReference; lastKnownFileType = sourcecode.swift; path = AppDelegate.swift; sourceTree = "<group>"; };
		CBF93E821B4AC120002BA0FA /* ViewController.swift */ = {isa = PBXFileReference; lastKnownFileType = sourcecode.swift; path = ViewController.swift; sourceTree = "<group>"; };
		CBF93E851B4AC120002BA0FA /* Base */ = {isa = PBXFileReference; lastKnownFileType = file.storyboard; name = Base; path = Base.lproj/Main.storyboard; sourceTree = "<group>"; };
		CBF93E871B4AC120002BA0FA /* Assets.xcassets */ = {isa = PBXFileReference; lastKnownFileType = folder.assetcatalog; path = Assets.xcassets; sourceTree = "<group>"; };
		CBF93E8A1B4AC121002BA0FA /* Base */ = {isa = PBXFileReference; lastKnownFileType = file.storyboard; name = Base; path = Base.lproj/LaunchScreen.storyboard; sourceTree = "<group>"; };
		CBF93E8C1B4AC121002BA0FA /* Info.plist */ = {isa = PBXFileReference; lastKnownFileType = text.plist.xml; path = Info.plist; sourceTree = "<group>"; };
		CBF93E941B4AC1E6002BA0FA /* SendMessageWatchApp.app */ = {isa = PBXFileReference; explicitFileType = wrapper.application; includeInIndex = 0; path = SendMessageWatchApp.app; sourceTree = BUILT_PRODUCTS_DIR; };
		CBF93E971B4AC1E6002BA0FA /* Base */ = {isa = PBXFileReference; lastKnownFileType = file.storyboard; name = Base; path = Base.lproj/Interface.storyboard; sourceTree = "<group>"; };
		CBF93E991B4AC1E6002BA0FA /* Assets.xcassets */ = {isa = PBXFileReference; lastKnownFileType = folder.assetcatalog; path = Assets.xcassets; sourceTree = "<group>"; };
		CBF93E9B1B4AC1E6002BA0FA /* Info.plist */ = {isa = PBXFileReference; lastKnownFileType = text.plist.xml; path = Info.plist; sourceTree = "<group>"; };
		CBF93EA01B4AC1E6002BA0FA /* SendMessageWatchApp Extension.appex */ = {isa = PBXFileReference; explicitFileType = "wrapper.app-extension"; includeInIndex = 0; path = "SendMessageWatchApp Extension.appex"; sourceTree = BUILT_PRODUCTS_DIR; };
		CBF93EA51B4AC1E6002BA0FA /* InterfaceController.swift */ = {isa = PBXFileReference; lastKnownFileType = sourcecode.swift; path = InterfaceController.swift; sourceTree = "<group>"; };
		CBF93EA71B4AC1E6002BA0FA /* ExtensionDelegate.swift */ = {isa = PBXFileReference; lastKnownFileType = sourcecode.swift; path = ExtensionDelegate.swift; sourceTree = "<group>"; };
		CBF93EA91B4AC1E6002BA0FA /* Assets.xcassets */ = {isa = PBXFileReference; lastKnownFileType = folder.assetcatalog; path = Assets.xcassets; sourceTree = "<group>"; };
		CBF93EAB1B4AC1E6002BA0FA /* Info.plist */ = {isa = PBXFileReference; lastKnownFileType = text.plist.xml; path = Info.plist; sourceTree = "<group>"; };
/* End PBXFileReference section */

/* Begin PBXFrameworksBuildPhase section */
		CBF93E7A1B4AC120002BA0FA /* Frameworks */ = {
			isa = PBXFrameworksBuildPhase;
			buildActionMask = 2147483647;
			files = (
			);
			runOnlyForDeploymentPostprocessing = 0;
		};
		CBF93E9D1B4AC1E6002BA0FA /* Frameworks */ = {
			isa = PBXFrameworksBuildPhase;
			buildActionMask = 2147483647;
			files = (
			);
			runOnlyForDeploymentPostprocessing = 0;
		};
/* End PBXFrameworksBuildPhase section */

/* Begin PBXGroup section */
		CBF93E741B4AC120002BA0FA = {
			isa = PBXGroup;
			children = (
				CBF93E7F1B4AC120002BA0FA /* SendMessageWatch */,
				CBF93E951B4AC1E6002BA0FA /* SendMessageWatchApp */,
				CBF93EA41B4AC1E6002BA0FA /* SendMessageWatchApp Extension */,
				CBF93E7E1B4AC120002BA0FA /* Products */,
			);
			sourceTree = "<group>";
		};
		CBF93E7E1B4AC120002BA0FA /* Products */ = {
			isa = PBXGroup;
			children = (
				CBF93E7D1B4AC120002BA0FA /* SendMessageWatch.app */,
				CBF93E941B4AC1E6002BA0FA /* SendMessageWatchApp.app */,
				CBF93EA01B4AC1E6002BA0FA /* SendMessageWatchApp Extension.appex */,
			);
			name = Products;
			sourceTree = "<group>";
		};
		CBF93E7F1B4AC120002BA0FA /* SendMessageWatch */ = {
			isa = PBXGroup;
			children = (
				CBF93E801B4AC120002BA0FA /* AppDelegate.swift */,
				CBF93E821B4AC120002BA0FA /* ViewController.swift */,
				CBF93E841B4AC120002BA0FA /* Main.storyboard */,
				CBF93E871B4AC120002BA0FA /* Assets.xcassets */,
				CBF93E891B4AC121002BA0FA /* LaunchScreen.storyboard */,
				CBF93E8C1B4AC121002BA0FA /* Info.plist */,
			);
			path = SendMessageWatch;
			sourceTree = "<group>";
		};
		CBF93E951B4AC1E6002BA0FA /* SendMessageWatchApp */ = {
			isa = PBXGroup;
			children = (
				CBF93E961B4AC1E6002BA0FA /* Interface.storyboard */,
				CBF93E991B4AC1E6002BA0FA /* Assets.xcassets */,
				CBF93E9B1B4AC1E6002BA0FA /* Info.plist */,
			);
			path = SendMessageWatchApp;
			sourceTree = "<group>";
		};
		CBF93EA41B4AC1E6002BA0FA /* SendMessageWatchApp Extension */ = {
			isa = PBXGroup;
			children = (
				CBF93EA51B4AC1E6002BA0FA /* InterfaceController.swift */,
				CBF93EA71B4AC1E6002BA0FA /* ExtensionDelegate.swift */,
				CBF93EA91B4AC1E6002BA0FA /* Assets.xcassets */,
				CBF93EAB1B4AC1E6002BA0FA /* Info.plist */,
			);
			path = "SendMessageWatchApp Extension";
			sourceTree = "<group>";
		};
/* End PBXGroup section */

/* Begin PBXNativeTarget section */
		CBF93E7C1B4AC120002BA0FA /* SendMessageWatch */ = {
			isa = PBXNativeTarget;
			buildConfigurationList = CBF93E8F1B4AC121002BA0FA /* Build configuration list for PBXNativeTarget "SendMessageWatch" */;
			buildPhases = (
				CBF93E791B4AC120002BA0FA /* Sources */,
				CBF93E7A1B4AC120002BA0FA /* Frameworks */,
				CBF93E7B1B4AC120002BA0FA /* Resources */,
				CBF93EB61B4AC1E6002BA0FA /* Embed Watch Content */,
			);
			buildRules = (
			);
			dependencies = (
				CBF93EAD1B4AC1E6002BA0FA /* PBXTargetDependency */,
			);
			name = SendMessageWatch;
			productName = SendMessageWatch;
			productReference = CBF93E7D1B4AC120002BA0FA /* SendMessageWatch.app */;
			productType = "com.apple.product-type.application";
		};
		CBF93E931B4AC1E6002BA0FA /* SendMessageWatchApp */ = {
			isa = PBXNativeTarget;
			buildConfigurationList = CBF93EB31B4AC1E6002BA0FA /* Build configuration list for PBXNativeTarget "SendMessageWatchApp" */;
			buildPhases = (
				CBF93E921B4AC1E6002BA0FA /* Resources */,
				CBF93EB21B4AC1E6002BA0FA /* Embed App Extensions */,
			);
			buildRules = (
			);
			dependencies = (
				CBF93EA31B4AC1E6002BA0FA /* PBXTargetDependency */,
			);
			name = SendMessageWatchApp;
			productName = SendMessageWatchApp;
			productReference = CBF93E941B4AC1E6002BA0FA /* SendMessageWatchApp.app */;
			productType = "com.apple.product-type.application.watchapp2";
		};
		CBF93E9F1B4AC1E6002BA0FA /* SendMessageWatchApp Extension */ = {
			isa = PBXNativeTarget;
			buildConfigurationList = CBF93EAF1B4AC1E6002BA0FA /* Build configuration list for PBXNativeTarget "SendMessageWatchApp Extension" */;
			buildPhases = (
				CBF93E9C1B4AC1E6002BA0FA /* Sources */,
				CBF93E9D1B4AC1E6002BA0FA /* Frameworks */,
				CBF93E9E1B4AC1E6002BA0FA /* Resources */,
			);
			buildRules = (
			);
			dependencies = (
			);
			name = "SendMessageWatchApp Extension";
			productName = "SendMessageWatchApp Extension";
			productReference = CBF93EA01B4AC1E6002BA0FA /* SendMessageWatchApp Extension.appex */;
			productType = "com.apple.product-type.watchkit2-extension";
		};
/* End PBXNativeTarget section */

/* Begin PBXProject section */
		CBF93E751B4AC120002BA0FA /* Project object */ = {
			isa = PBXProject;
			attributes = {
				LastUpgradeCheck = 0700;
				ORGANIZATIONNAME = "Tuts+";
				TargetAttributes = {
					CBF93E7C1B4AC120002BA0FA = {
						CreatedOnToolsVersion = 7.0;
					};
					CBF93E931B4AC1E6002BA0FA = {
						CreatedOnToolsVersion = 7.0;
					};
					CBF93E9F1B4AC1E6002BA0FA = {
						CreatedOnToolsVersion = 7.0;
					};
				};
			};
			buildConfigurationList = CBF93E781B4AC120002BA0FA /* Build configuration list for PBXProject "SendMessageWatch" */;
			compatibilityVersion = "Xcode 3.2";
			developmentRegion = English;
			hasScannedForEncodings = 0;
			knownRegions = (
				en,
				Base,
			);
			mainGroup = CBF93E741B4AC120002BA0FA;
			productRefGroup = CBF93E7E1B4AC120002BA0FA /* Products */;
			projectDirPath = "";
			projectRoot = "";
			targets = (
				CBF93E7C1B4AC120002BA0FA /* SendMessageWatch */,
				CBF93E931B4AC1E6002BA0FA /* SendMessageWatchApp */,
				CBF93E9F1B4AC1E6002BA0FA /* SendMessageWatchApp Extension */,
			);
		};
/* End PBXProject section */

/* Begin PBXResourcesBuildPhase section */
		CBF93E7B1B4AC120002BA0FA /* Resources */ = {
			isa = PBXResourcesBuildPhase;
			buildActionMask = 2147483647;
			files = (
				CBF93E8B1B4AC121002BA0FA /* LaunchScreen.storyboard in Resources */,
				CBF93E881B4AC120002BA0FA /* Assets.xcassets in Resources */,
				CBF93E861B4AC120002BA0FA /* Main.storyboard in Resources */,
			);
			runOnlyForDeploymentPostprocessing = 0;
		};
		CBF93E921B4AC1E6002BA0FA /* Resources */ = {
			isa = PBXResourcesBuildPhase;
			buildActionMask = 2147483647;
			files = (
				CBF93E9A1B4AC1E6002BA0FA /* Assets.xcassets in Resources */,
				CBF93E981B4AC1E6002BA0FA /* Interface.storyboard in Resources */,
			);
			runOnlyForDeploymentPostprocessing = 0;
		};
		CBF93E9E1B4AC1E6002BA0FA /* Resources */ = {
			isa = PBXResourcesBuildPhase;
			buildActionMask = 2147483647;
			files = (
				CBF93EAA1B4AC1E6002BA0FA /* Assets.xcassets in Resources */,
			);
			runOnlyForDeploymentPostprocessing = 0;
		};
/* End PBXResourcesBuildPhase section */

/* Begin PBXSourcesBuildPhase section */
		CBF93E791B4AC120002BA0FA /* Sources */ = {
			isa = PBXSourcesBuildPhase;
			buildActionMask = 2147483647;
			files = (
				CBF93E831B4AC120002BA0FA /* ViewController.swift in Sources */,
				CBF93E811B4AC120002BA0FA /* AppDelegate.swift in Sources */,
			);
			runOnlyForDeploymentPostprocessing = 0;
		};
		CBF93E9C1B4AC1E6002BA0FA /* Sources */ = {
			isa = PBXSourcesBuildPhase;
			buildActionMask = 2147483647;
			files = (
				CBF93EA81B4AC1E6002BA0FA /* ExtensionDelegate.swift in Sources */,
				CBF93EA61B4AC1E6002BA0FA /* InterfaceController.swift in Sources */,
			);
			runOnlyForDeploymentPostprocessing = 0;
		};
/* End PBXSourcesBuildPhase section */

/* Begin PBXTargetDependency section */
		CBF93EA31B4AC1E6002BA0FA /* PBXTargetDependency */ = {
			isa = PBXTargetDependency;
			target = CBF93E9F1B4AC1E6002BA0FA /* SendMessageWatchApp Extension */;
			targetProxy = CBF93EA21B4AC1E6002BA0FA /* PBXContainerItemProxy */;
		};
		CBF93EAD1B4AC1E6002BA0FA /* PBXTargetDependency */ = {
			isa = PBXTargetDependency;
			target = CBF93E931B4AC1E6002BA0FA /* SendMessageWatchApp */;
			targetProxy = CBF93EAC1B4AC1E6002BA0FA /* PBXContainerItemProxy */;
		};
/* End PBXTargetDependency section */

/* Begin PBXVariantGroup section */
		CBF93E841B4AC120002BA0FA /* Main.storyboard */ = {
			isa = PBXVariantGroup;
			children = (
				CBF93E851B4AC120002BA0FA /* Base */,
			);
			name = Main.storyboard;
			sourceTree = "<group>";
		};
		CBF93E891B4AC121002BA0FA /* LaunchScreen.storyboard */ = {
			isa = PBXVariantGroup;
			children = (
				CBF93E8A1B4AC121002BA0FA /* Base */,
			);
			name = LaunchScreen.storyboard;
			sourceTree = "<group>";
		};
		CBF93E961B4AC1E6002BA0FA /* Interface.storyboard */ = {
			isa = PBXVariantGroup;
			children = (
				CBF93E971B4AC1E6002BA0FA /* Base */,
			);
			name = Interface.storyboard;
			sourceTree = "<group>";
		};
/* End PBXVariantGroup section */

/* Begin XCBuildConfiguration section */
		CBF93E8D1B4AC121002BA0FA /* Debug */ = {
			isa = XCBuildConfiguration;
			buildSettings = {
				ALWAYS_SEARCH_USER_PATHS = NO;
				CLANG_CXX_LANGUAGE_STANDARD = "gnu++0x";
				CLANG_CXX_LIBRARY = "libc++";
				CLANG_ENABLE_MODULES = YES;
				CLANG_ENABLE_OBJC_ARC = YES;
				CLANG_WARN_BOOL_CONVERSION = YES;
				CLANG_WARN_CONSTANT_CONVERSION = YES;
				CLANG_WARN_DIRECT_OBJC_ISA_USAGE = YES_ERROR;
				CLANG_WARN_EMPTY_BODY = YES;
				CLANG_WARN_ENUM_CONVERSION = YES;
				CLANG_WARN_INT_CONVERSION = YES;
				CLANG_WARN_OBJC_ROOT_CLASS = YES_ERROR;
				CLANG_WARN_UNREACHABLE_CODE = YES;
				CLANG_WARN__DUPLICATE_METHOD_MATCH = YES;
				"CODE_SIGN_IDENTITY[sdk=iphoneos*]" = "iPhone Developer";
				COPY_PHASE_STRIP = NO;
				DEBUG_INFORMATION_FORMAT = dwarf;
				ENABLE_STRICT_OBJC_MSGSEND = YES;
				ENABLE_TESTABILITY = YES;
				GCC_C_LANGUAGE_STANDARD = gnu99;
				GCC_DYNAMIC_NO_PIC = NO;
				GCC_NO_COMMON_BLOCKS = YES;
				GCC_OPTIMIZATION_LEVEL = 0;
				GCC_PREPROCESSOR_DEFINITIONS = (
					"DEBUG=1",
					"$(inherited)",
				);
				GCC_WARN_64_TO_32_BIT_CONVERSION = YES;
				GCC_WARN_ABOUT_RETURN_TYPE = YES_ERROR;
				GCC_WARN_UNDECLARED_SELECTOR = YES;
				GCC_WARN_UNINITIALIZED_AUTOS = YES_AGGRESSIVE;
				GCC_WARN_UNUSED_FUNCTION = YES;
				GCC_WARN_UNUSED_VARIABLE = YES;
				IPHONEOS_DEPLOYMENT_TARGET = 9.0;
				MTL_ENABLE_DEBUG_INFO = YES;
				ONLY_ACTIVE_ARCH = YES;
				SDKROOT = iphoneos;
				SWIFT_OPTIMIZATION_LEVEL = "-Onone";
			};
			name = Debug;
		};
		CBF93E8E1B4AC121002BA0FA /* Release */ = {
			isa = XCBuildConfiguration;
			buildSettings = {
				ALWAYS_SEARCH_USER_PATHS = NO;
				CLANG_CXX_LANGUAGE_STANDARD = "gnu++0x";
				CLANG_CXX_LIBRARY = "libc++";
				CLANG_ENABLE_MODULES = YES;
				CLANG_ENABLE_OBJC_ARC = YES;
				CLANG_WARN_BOOL_CONVERSION = YES;
				CLANG_WARN_CONSTANT_CONVERSION = YES;
				CLANG_WARN_DIRECT_OBJC_ISA_USAGE = YES_ERROR;
				CLANG_WARN_EMPTY_BODY = YES;
				CLANG_WARN_ENUM_CONVERSION = YES;
				CLANG_WARN_INT_CONVERSION = YES;
				CLANG_WARN_OBJC_ROOT_CLASS = YES_ERROR;
				CLANG_WARN_UNREACHABLE_CODE = YES;
				CLANG_WARN__DUPLICATE_METHOD_MATCH = YES;
				"CODE_SIGN_IDENTITY[sdk=iphoneos*]" = "iPhone Developer";
				COPY_PHASE_STRIP = NO;
				DEBUG_INFORMATION_FORMAT = "dwarf-with-dsym";
				ENABLE_NS_ASSERTIONS = NO;
				ENABLE_STRICT_OBJC_MSGSEND = YES;
				GCC_C_LANGUAGE_STANDARD = gnu99;
				GCC_NO_COMMON_BLOCKS = YES;
				GCC_WARN_64_TO_32_BIT_CONVERSION = YES;
				GCC_WARN_ABOUT_RETURN_TYPE = YES_ERROR;
				GCC_WARN_UNDECLARED_SELECTOR = YES;
				GCC_WARN_UNINITIALIZED_AUTOS = YES_AGGRESSIVE;
				GCC_WARN_UNUSED_FUNCTION = YES;
				GCC_WARN_UNUSED_VARIABLE = YES;
				IPHONEOS_DEPLOYMENT_TARGET = 9.0;
				MTL_ENABLE_DEBUG_INFO = NO;
				SDKROOT = iphoneos;
				VALIDATE_PRODUCT = YES;
			};
			name = Release;
		};
		CBF93E901B4AC121002BA0FA /* Debug */ = {
			isa = XCBuildConfiguration;
			buildSettings = {
				ASSETCATALOG_COMPILER_APPICON_NAME = AppIcon;
				INFOPLIST_FILE = SendMessageWatch/Info.plist;
				LD_RUNPATH_SEARCH_PATHS = "$(inherited) @executable_path/Frameworks";
				PRODUCT_BUNDLE_IDENTIFIER = com.tutsplus.SendMessageWatch;
				PRODUCT_NAME = "$(TARGET_NAME)";
			};
			name = Debug;
		};
		CBF93E911B4AC121002BA0FA /* Release */ = {
			isa = XCBuildConfiguration;
			buildSettings = {
				ASSETCATALOG_COMPILER_APPICON_NAME = AppIcon;
				INFOPLIST_FILE = SendMessageWatch/Info.plist;
				LD_RUNPATH_SEARCH_PATHS = "$(inherited) @executable_path/Frameworks";
				PRODUCT_BUNDLE_IDENTIFIER = com.tutsplus.SendMessageWatch;
				PRODUCT_NAME = "$(TARGET_NAME)";
			};
			name = Release;
		};
		CBF93EB01B4AC1E6002BA0FA /* Debug */ = {
			isa = XCBuildConfiguration;
			buildSettings = {
				"CODE_SIGN_IDENTITY[sdk=watchos*]" = "iPhone Developer";
				INFOPLIST_FILE = "SendMessageWatchApp Extension/Info.plist";
				LD_RUNPATH_SEARCH_PATHS = "$(inherited) @executable_path/Frameworks @executable_path/../../Frameworks";
				PRODUCT_BUNDLE_IDENTIFIER = com.tutsplus.SendMessageWatch.watchkitapp.watchkitextension;
				PRODUCT_NAME = "${TARGET_NAME}";
				SDKROOT = watchos;
				SKIP_INSTALL = YES;
				TARGETED_DEVICE_FAMILY = 4;
				WATCHOS_DEPLOYMENT_TARGET = 2.0;
			};
			name = Debug;
		};
		CBF93EB11B4AC1E6002BA0FA /* Release */ = {
			isa = XCBuildConfiguration;
			buildSettings = {
				"CODE_SIGN_IDENTITY[sdk=watchos*]" = "iPhone Developer";
				INFOPLIST_FILE = "SendMessageWatchApp Extension/Info.plist";
				LD_RUNPATH_SEARCH_PATHS = "$(inherited) @executable_path/Frameworks @executable_path/../../Frameworks";
				PRODUCT_BUNDLE_IDENTIFIER = com.tutsplus.SendMessageWatch.watchkitapp.watchkitextension;
				PRODUCT_NAME = "${TARGET_NAME}";
				SDKROOT = watchos;
				SKIP_INSTALL = YES;
				TARGETED_DEVICE_FAMILY = 4;
				WATCHOS_DEPLOYMENT_TARGET = 2.0;
			};
			name = Release;
		};
		CBF93EB41B4AC1E6002BA0FA /* Debug */ = {
			isa = XCBuildConfiguration;
			buildSettings = {
				ASSETCATALOG_COMPILER_APPICON_NAME = AppIcon;
				"CODE_SIGN_IDENTITY[sdk=watchos*]" = "iPhone Developer";
				EMBEDDED_CONTENT_CONTAINS_SWIFT = YES;
				IBSC_MODULE = SendMessageWatchApp_Extension;
				INFOPLIST_FILE = SendMessageWatchApp/Info.plist;
				PRODUCT_BUNDLE_IDENTIFIER = com.tutsplus.SendMessageWatch.watchkitapp;
				PRODUCT_NAME = "$(TARGET_NAME)";
				SDKROOT = watchos;
				SKIP_INSTALL = YES;
				TARGETED_DEVICE_FAMILY = 4;
				WATCHOS_DEPLOYMENT_TARGET = 2.0;
			};
			name = Debug;
		};
		CBF93EB51B4AC1E6002BA0FA /* Release */ = {
			isa = XCBuildConfiguration;
			buildSettings = {
				ASSETCATALOG_COMPILER_APPICON_NAME = AppIcon;
				"CODE_SIGN_IDENTITY[sdk=watchos*]" = "iPhone Developer";
				EMBEDDED_CONTENT_CONTAINS_SWIFT = YES;
				IBSC_MODULE = SendMessageWatchApp_Extension;
				INFOPLIST_FILE = SendMessageWatchApp/Info.plist;
				PRODUCT_BUNDLE_IDENTIFIER = com.tutsplus.SendMessageWatch.watchkitapp;
				PRODUCT_NAME = "$(TARGET_NAME)";
				SDKROOT = watchos;
				SKIP_INSTALL = YES;
				TARGETED_DEVICE_FAMILY = 4;
				WATCHOS_DEPLOYMENT_TARGET = 2.0;
			};
			name = Release;
		};
/* End XCBuildConfiguration section */

/* Begin XCConfigurationList section */
		CBF93E781B4AC120002BA0FA /* Build configuration list for PBXProject "SendMessageWatch" */ = {
			isa = XCConfigurationList;
			buildConfigurations = (
				CBF93E8D1B4AC121002BA0FA /* Debug */,
				CBF93E8E1B4AC121002BA0FA /* Release */,
			);
			defaultConfigurationIsVisible = 0;
			defaultConfigurationName = Release;
		};
		CBF93E8F1B4AC121002BA0FA /* Build configuration list for PBXNativeTarget "SendMessageWatch" */ = {
			isa = XCConfigurationList;
			buildConfigurations = (
				CBF93E901B4AC121002BA0FA /* Debug */,
				CBF93E911B4AC121002BA0FA /* Release */,
			);
			defaultConfigurationIsVisible = 0;
		};
		CBF93EAF1B4AC1E6002BA0FA /* Build configuration list for PBXNativeTarget "SendMessageWatchApp Extension" */ = {
			isa = XCConfigurationList;
			buildConfigurations = (
				CBF93EB01B4AC1E6002BA0FA /* Debug */,
				CBF93EB11B4AC1E6002BA0FA /* Release */,
			);
			defaultConfigurationIsVisible = 0;
		};
		CBF93EB31B4AC1E6002BA0FA /* Build configuration list for PBXNativeTarget "SendMessageWatchApp" */ = {
			isa = XCConfigurationList;
			buildConfigurations = (
				CBF93EB41B4AC1E6002BA0FA /* Debug */,
				CBF93EB51B4AC1E6002BA0FA /* Release */,
			);
			defaultConfigurationIsVisible = 0;
		};
/* End XCConfigurationList section */
	};
	rootObject = CBF93E751B4AC120002BA0FA /* Project object */;
}
